// !$*UTF8*$!
{
	archiveVersion = 1;
	classes = {
	};
	objectVersion = 46;
	objects = {

/* Begin PBXBuildFile section */
		7BEFD2E019FAC75D0032DF80 /* AppDelegate.swift in Sources */ = {isa = PBXBuildFile; fileRef = 7BEFD2DF19FAC75D0032DF80 /* AppDelegate.swift */; };
		7BEFD2E219FAC75D0032DF80 /* ViewController.swift in Sources */ = {isa = PBXBuildFile; fileRef = 7BEFD2E119FAC75D0032DF80 /* ViewController.swift */; };
		7BEFD2E519FAC75D0032DF80 /* Main.storyboard in Resources */ = {isa = PBXBuildFile; fileRef = 7BEFD2E319FAC75D0032DF80 /* Main.storyboard */; };
		7BEFD2E719FAC75D0032DF80 /* Images.xcassets in Resources */ = {isa = PBXBuildFile; fileRef = 7BEFD2E619FAC75D0032DF80 /* Images.xcassets */; };
		7BEFD2EA19FAC75D0032DF80 /* LaunchScreen.xib in Resources */ = {isa = PBXBuildFile; fileRef = 7BEFD2E819FAC75D0032DF80 /* LaunchScreen.xib */; };
		7BEFD2F619FAC75D0032DF80 /* MailboxTests.swift in Sources */ = {isa = PBXBuildFile; fileRef = 7BEFD2F519FAC75D0032DF80 /* MailboxTests.swift */; };
/* End PBXBuildFile section */

/* Begin PBXContainerItemProxy section */
		7BEFD2F019FAC75D0032DF80 /* PBXContainerItemProxy */ = {
			isa = PBXContainerItemProxy;
			containerPortal = 7BEFD2D219FAC75D0032DF80 /* Project object */;
			proxyType = 1;
			remoteGlobalIDString = 7BEFD2D919FAC75D0032DF80;
			remoteInfo = Mailbox;
		};
/* End PBXContainerItemProxy section */

/* Begin PBXFileReference section */
		7BEFD2DA19FAC75D0032DF80 /* Mailbox.app */ = {isa = PBXFileReference; explicitFileType = wrapper.application; includeInIndex = 0; path = Mailbox.app; sourceTree = BUILT_PRODUCTS_DIR; };
		7BEFD2DE19FAC75D0032DF80 /* Info.plist */ = {isa = PBXFileReference; lastKnownFileType = text.plist.xml; path = Info.plist; sourceTree = "<group>"; };
		7BEFD2DF19FAC75D0032DF80 /* AppDelegate.swift */ = {isa = PBXFileReference; lastKnownFileType = sourcecode.swift; path = AppDelegate.swift; sourceTree = "<group>"; };
		7BEFD2E119FAC75D0032DF80 /* ViewController.swift */ = {isa = PBXFileReference; lastKnownFileType = sourcecode.swift; path = ViewController.swift; sourceTree = "<group>"; };
		7BEFD2E419FAC75D0032DF80 /* Base */ = {isa = PBXFileReference; lastKnownFileType = file.storyboard; name = Base; path = Base.lproj/Main.storyboard; sourceTree = "<group>"; };
		7BEFD2E619FAC75D0032DF80 /* Images.xcassets */ = {isa = PBXFileReference; lastKnownFileType = folder.assetcatalog; path = Images.xcassets; sourceTree = "<group>"; };
		7BEFD2E919FAC75D0032DF80 /* Base */ = {isa = PBXFileReference; lastKnownFileType = file.xib; name = Base; path = Base.lproj/LaunchScreen.xib; sourceTree = "<group>"; };
		7BEFD2EF19FAC75D0032DF80 /* MailboxTests.xctest */ = {isa = PBXFileReference; explicitFileType = wrapper.cfbundle; includeInIndex = 0; path = MailboxTests.xctest; sourceTree = BUILT_PRODUCTS_DIR; };
		7BEFD2F419FAC75D0032DF80 /* Info.plist */ = {isa = PBXFileReference; lastKnownFileType = text.plist.xml; path = Info.plist; sourceTree = "<group>"; };
		7BEFD2F519FAC75D0032DF80 /* MailboxTests.swift */ = {isa = PBXFileReference; lastKnownFileType = sourcecode.swift; path = MailboxTests.swift; sourceTree = "<group>"; };
/* End PBXFileReference section */

/* Begin PBXFrameworksBuildPhase section */
		7BEFD2D719FAC75D0032DF80 /* Frameworks */ = {
			isa = PBXFrameworksBuildPhase;
			buildActionMask = 2147483647;
			files = (
			);
			runOnlyForDeploymentPostprocessing = 0;
		};
		7BEFD2EC19FAC75D0032DF80 /* Frameworks */ = {
			isa = PBXFrameworksBuildPhase;
			buildActionMask = 2147483647;
			files = (
			);
			runOnlyForDeploymentPostprocessing = 0;
		};
/* End PBXFrameworksBuildPhase section */

/* Begin PBXGroup section */
		7BEFD2D119FAC75D0032DF80 = {
			isa = PBXGroup;
			children = (
				7BEFD2DC19FAC75D0032DF80 /* Mailbox */,
				7BEFD2F219FAC75D0032DF80 /* MailboxTests */,
				7BEFD2DB19FAC75D0032DF80 /* Products */,
			);
			sourceTree = "<group>";
		};
		7BEFD2DB19FAC75D0032DF80 /* Products */ = {
			isa = PBXGroup;
			children = (
				7BEFD2DA19FAC75D0032DF80 /* Mailbox.app */,
				7BEFD2EF19FAC75D0032DF80 /* MailboxTests.xctest */,
			);
			name = Products;
			sourceTree = "<group>";
		};
		7BEFD2DC19FAC75D0032DF80 /* Mailbox */ = {
			isa = PBXGroup;
			children = (
				7BEFD2DF19FAC75D0032DF80 /* AppDelegate.swift */,
				7BEFD2E119FAC75D0032DF80 /* ViewController.swift */,
				7BEFD2E319FAC75D0032DF80 /* Main.storyboard */,
				7BEFD2E619FAC75D0032DF80 /* Images.xcassets */,
				7BEFD2E819FAC75D0032DF80 /* LaunchScreen.xib */,
				7BEFD2DD19FAC75D0032DF80 /* Supporting Files */,
			);
			path = Mailbox;
			sourceTree = "<group>";
		};
		7BEFD2DD19FAC75D0032DF80 /* Supporting Files */ = {
			isa = PBXGroup;
			children = (
				7BEFD2DE19FAC75D0032DF80 /* Info.plist */,
			);
			name = "Supporting Files";
			sourceTree = "<group>";
		};
		7BEFD2F219FAC75D0032DF80 /* MailboxTests */ = {
			isa = PBXGroup;
			children = (
				7BEFD2F519FAC75D0032DF80 /* MailboxTests.swift */,
				7BEFD2F319FAC75D0032DF80 /* Supporting Files */,
			);
			path = MailboxTests;
			sourceTree = "<group>";
		};
		7BEFD2F319FAC75D0032DF80 /* Supporting Files */ = {
			isa = PBXGroup;
			children = (
				7BEFD2F419FAC75D0032DF80 /* Info.plist */,
			);
			name = "Supporting Files";
			sourceTree = "<group>";
		};
/* End PBXGroup section */

/* Begin PBXNativeTarget section */
		7BEFD2D919FAC75D0032DF80 /* Mailbox */ = {
			isa = PBXNativeTarget;
			buildConfigurationList = 7BEFD2F919FAC75D0032DF80 /* Build configuration list for PBXNativeTarget "Mailbox" */;
			buildPhases = (
				7BEFD2D619FAC75D0032DF80 /* Sources */,
				7BEFD2D719FAC75D0032DF80 /* Frameworks */,
				7BEFD2D819FAC75D0032DF80 /* Resources */,
			);
			buildRules = (
			);
			dependencies = (
			);
			name = Mailbox;
			productName = Mailbox;
			productReference = 7BEFD2DA19FAC75D0032DF80 /* Mailbox.app */;
			productType = "com.apple.product-type.application";
		};
		7BEFD2EE19FAC75D0032DF80 /* MailboxTests */ = {
			isa = PBXNativeTarget;
			buildConfigurationList = 7BEFD2FC19FAC75D0032DF80 /* Build configuration list for PBXNativeTarget "MailboxTests" */;
			buildPhases = (
				7BEFD2EB19FAC75D0032DF80 /* Sources */,
				7BEFD2EC19FAC75D0032DF80 /* Frameworks */,
				7BEFD2ED19FAC75D0032DF80 /* Resources */,
			);
			buildRules = (
			);
			dependencies = (
				7BEFD2F119FAC75D0032DF80 /* PBXTargetDependency */,
			);
			name = MailboxTests;
			productName = MailboxTests;
			productReference = 7BEFD2EF19FAC75D0032DF80 /* MailboxTests.xctest */;
			productType = "com.apple.product-type.bundle.unit-test";
		};
/* End PBXNativeTarget section */

/* Begin PBXProject section */
		7BEFD2D219FAC75D0032DF80 /* Project object */ = {
			isa = PBXProject;
			attributes = {
				LastUpgradeCheck = 0600;
				ORGANIZATIONNAME = "Amanda Atwood";
				TargetAttributes = {
					7BEFD2D919FAC75D0032DF80 = {
						CreatedOnToolsVersion = 6.0.1;
					};
					7BEFD2EE19FAC75D0032DF80 = {
						CreatedOnToolsVersion = 6.0.1;
						TestTargetID = 7BEFD2D919FAC75D0032DF80;
					};
				};
			};
			buildConfigurationList = 7BEFD2D519FAC75D0032DF80 /* Build configuration list for PBXProject "Mailbox" */;
			compatibilityVersion = "Xcode 3.2";
			developmentRegion = English;
			hasScannedForEncodings = 0;
			knownRegions = (
				en,
				Base,
			);
			mainGroup = 7BEFD2D119FAC75D0032DF80;
			productRefGroup = 7BEFD2DB19FAC75D0032DF80 /* Products */;
			projectDirPath = "";
			projectRoot = "";
			targets = (
				7BEFD2D919FAC75D0032DF80 /* Mailbox */,
				7BEFD2EE19FAC75D0032DF80 /* MailboxTests */,
			);
		};
/* End PBXProject section */

/* Begin PBXResourcesBuildPhase section */
		7BEFD2D819FAC75D0032DF80 /* Resources */ = {
			isa = PBXResourcesBuildPhase;
			buildActionMask = 2147483647;
			files = (
				7BEFD2E519FAC75D0032DF80 /* Main.storyboard in Resources */,
				7BEFD2EA19FAC75D0032DF80 /* LaunchScreen.xib in Resources */,
				7BEFD2E719FAC75D0032DF80 /* Images.xcassets in Resources */,
			);
			runOnlyForDeploymentPostprocessing = 0;
		};
		7BEFD2ED19FAC75D0032DF80 /* Resources */ = {
			isa = PBXResourcesBuildPhase;
			buildActionMask = 2147483647;
			files = (
			);
			runOnlyForDeploymentPostprocessing = 0;
		};
/* End PBXResourcesBuildPhase section */

/* Begin PBXSourcesBuildPhase section */
		7BEFD2D619FAC75D0032DF80 /* Sources */ = {
			isa = PBXSourcesBuildPhase;
			buildActionMask = 2147483647;
			files = (
				7BEFD2E219FAC75D0032DF80 /* ViewController.swift in Sources */,
				7BEFD2E019FAC75D0032DF80 /* AppDelegate.swift in Sources */,
			);
			runOnlyForDeploymentPostprocessing = 0;
		};
		7BEFD2EB19FAC75D0032DF80 /* Sources */ = {
			isa = PBXSourcesBuildPhase;
			buildActionMask = 2147483647;
			files = (
				7BEFD2F619FAC75D0032DF80 /* MailboxTests.swift in Sources */,
			);
			runOnlyForDeploymentPostprocessing = 0;
		};
/* End PBXSourcesBuildPhase section */

/* Begin PBXTargetDependency section */
		7BEFD2F119FAC75D0032DF80 /* PBXTargetDependency */ = {
			isa = PBXTargetDependency;
			target = 7BEFD2D919FAC75D0032DF80 /* Mailbox */;
			targetProxy = 7BEFD2F019FAC75D0032DF80 /* PBXContainerItemProxy */;
		};
/* End PBXTargetDependency section */

/* Begin PBXVariantGroup section */
		7BEFD2E319FAC75D0032DF80 /* Main.storyboard */ = {
			isa = PBXVariantGroup;
			children = (
				7BEFD2E419FAC75D0032DF80 /* Base */,
			);
			name = Main.storyboard;
			sourceTree = "<group>";
		};
		7BEFD2E819FAC75D0032DF80 /* LaunchScreen.xib */ = {
			isa = PBXVariantGroup;
			children = (
				7BEFD2E919FAC75D0032DF80 /* Base */,
			);
			name = LaunchScreen.xib;
			sourceTree = "<group>";
		};
/* End PBXVariantGroup section */

/* Begin XCBuildConfiguration section */
		7BEFD2F719FAC75D0032DF80 /* Debug */ = {
			isa = XCBuildConfiguration;
			buildSettings = {
				ALWAYS_SEARCH_USER_PATHS = NO;
				CLANG_CXX_LANGUAGE_STANDARD = "gnu++0x";
				CLANG_CXX_LIBRARY = "libc++";
				CLANG_ENABLE_MODULES = YES;
				CLANG_ENABLE_OBJC_ARC = YES;
				CLANG_WARN_BOOL_CONVERSION = YES;
				CLANG_WARN_CONSTANT_CONVERSION = YES;
				CLANG_WARN_DIRECT_OBJC_ISA_USAGE = YES_ERROR;
				CLANG_WARN_EMPTY_BODY = YES;
				CLANG_WARN_ENUM_CONVERSION = YES;
				CLANG_WARN_INT_CONVERSION = YES;
				CLANG_WARN_OBJC_ROOT_CLASS = YES_ERROR;
				CLANG_WARN_UNREACHABLE_CODE = YES;
				CLANG_WARN__DUPLICATE_METHOD_MATCH = YES;
				"CODE_SIGN_IDENTITY[sdk=iphoneos*]" = "iPhone Developer";
				COPY_PHASE_STRIP = NO;
				ENABLE_STRICT_OBJC_MSGSEND = YES;
				GCC_C_LANGUAGE_STANDARD = gnu99;
				GCC_DYNAMIC_NO_PIC = NO;
				GCC_OPTIMIZATION_LEVEL = 0;
				GCC_PREPROCESSOR_DEFINITIONS = (
					"DEBUG=1",
					"$(inherited)",
				);
				GCC_SYMBOLS_PRIVATE_EXTERN = NO;
				GCC_WARN_64_TO_32_BIT_CONVERSION = YES;
				GCC_WARN_ABOUT_RETURN_TYPE = YES_ERROR;
				GCC_WARN_UNDECLARED_SELECTOR = YES;
				GCC_WARN_UNINITIALIZED_AUTOS = YES_AGGRESSIVE;
				GCC_WARN_UNUSED_FUNCTION = YES;
				GCC_WARN_UNUSED_VARIABLE = YES;
				IPHONEOS_DEPLOYMENT_TARGET = 8.0;
				MTL_ENABLE_DEBUG_INFO = YES;
				ONLY_ACTIVE_ARCH = YES;
				SDKROOT = iphoneos;
				SWIFT_OPTIMIZATION_LEVEL = "-Onone";
			};
			name = Debug;
		};
		7BEFD2F819FAC75D0032DF80 /* Release */ = {
			isa = XCBuildConfiguration;
			buildSettings = {
				ALWAYS_SEARCH_USER_PATHS = NO;
				CLANG_CXX_LANGUAGE_STANDARD = "gnu++0x";
				CLANG_CXX_LIBRARY = "libc++";
				CLANG_ENABLE_MODULES = YES;
				CLANG_ENABLE_OBJC_ARC = YES;
				CLANG_WARN_BOOL_CONVERSION = YES;
				CLANG_WARN_CONSTANT_CONVERSION = YES;
				CLANG_WARN_DIRECT_OBJC_ISA_USAGE = YES_ERROR;
				CLANG_WARN_EMPTY_BODY = YES;
				CLANG_WARN_ENUM_CONVERSION = YES;
				CLANG_WARN_INT_CONVERSION = YES;
				CLANG_WARN_OBJC_ROOT_CLASS = YES_ERROR;
				CLANG_WARN_UNREACHABLE_CODE = YES;
				CLANG_WARN__DUPLICATE_METHOD_MATCH = YES;
				"CODE_SIGN_IDENTITY[sdk=iphoneos*]" = "iPhone Developer";
				COPY_PHASE_STRIP = YES;
				ENABLE_NS_ASSERTIONS = NO;
				ENABLE_STRICT_OBJC_MSGSEND = YES;
				GCC_C_LANGUAGE_STANDARD = gnu99;
				GCC_WARN_64_TO_32_BIT_CONVERSION = YES;
				GCC_WARN_ABOUT_RETURN_TYPE = YES_ERROR;
				GCC_WARN_UNDECLARED_SELECTOR = YES;
				GCC_WARN_UNINITIALIZED_AUTOS = YES_AGGRESSIVE;
				GCC_WARN_UNUSED_FUNCTION = YES;
				GCC_WARN_UNUSED_VARIABLE = YES;
				IPHONEOS_DEPLOYMENT_TARGET = 8.0;
				MTL_ENABLE_DEBUG_INFO = NO;
				SDKROOT = iphoneos;
				VALIDATE_PRODUCT = YES;
			};
			name = Release;
		};
		7BEFD2FA19FAC75D0032DF80 /* Debug */ = {
			isa = XCBuildConfiguration;
			buildSettings = {
				ASSETCATALOG_COMPILER_APPICON_NAME = AppIcon;
				INFOPLIST_FILE = Mailbox/Info.plist;
				LD_RUNPATH_SEARCH_PATHS = "$(inherited) @executable_path/Frameworks";
				PRODUCT_NAME = "$(TARGET_NAME)";
			};
			name = Debug;
		};
		7BEFD2FB19FAC75D0032DF80 /* Release */ = {
			isa = XCBuildConfiguration;
			buildSettings = {
				ASSETCATALOG_COMPILER_APPICON_NAME = AppIcon;
				INFOPLIST_FILE = Mailbox/Info.plist;
				LD_RUNPATH_SEARCH_PATHS = "$(inherited) @executable_path/Frameworks";
				PRODUCT_NAME = "$(TARGET_NAME)";
			};
			name = Release;
		};
		7BEFD2FD19FAC75D0032DF80 /* Debug */ = {
			isa = XCBuildConfiguration;
			buildSettings = {
				BUNDLE_LOADER = "$(TEST_HOST)";
				FRAMEWORK_SEARCH_PATHS = (
					"$(SDKROOT)/Developer/Library/Frameworks",
					"$(inherited)",
				);
				GCC_PREPROCESSOR_DEFINITIONS = (
					"DEBUG=1",
					"$(inherited)",
				);
				INFOPLIST_FILE = MailboxTests/Info.plist;
				LD_RUNPATH_SEARCH_PATHS = "$(inherited) @executable_path/Frameworks @loader_path/Frameworks";
				PRODUCT_NAME = "$(TARGET_NAME)";
				TEST_HOST = "$(BUILT_PRODUCTS_DIR)/Mailbox.app/Mailbox";
			};
			name = Debug;
		};
		7BEFD2FE19FAC75D0032DF80 /* Release */ = {
			isa = XCBuildConfiguration;
			buildSettings = {
				BUNDLE_LOADER = "$(TEST_HOST)";
				FRAMEWORK_SEARCH_PATHS = (
					"$(SDKROOT)/Developer/Library/Frameworks",
					"$(inherited)",
				);
				INFOPLIST_FILE = MailboxTests/Info.plist;
				LD_RUNPATH_SEARCH_PATHS = "$(inherited) @executable_path/Frameworks @loader_path/Frameworks";
				PRODUCT_NAME = "$(TARGET_NAME)";
				TEST_HOST = "$(BUILT_PRODUCTS_DIR)/Mailbox.app/Mailbox";
			};
			name = Release;
		};
/* End XCBuildConfiguration section */

/* Begin XCConfigurationList section */
		7BEFD2D519FAC75D0032DF80 /* Build configuration list for PBXProject "Mailbox" */ = {
			isa = XCConfigurationList;
			buildConfigurations = (
				7BEFD2F719FAC75D0032DF80 /* Debug */,
				7BEFD2F819FAC75D0032DF80 /* Release */,
			);
			defaultConfigurationIsVisible = 0;
			defaultConfigurationName = Release;
		};
		7BEFD2F919FAC75D0032DF80 /* Build configuration list for PBXNativeTarget "Mailbox" */ = {
			isa = XCConfigurationList;
			buildConfigurations = (
				7BEFD2FA19FAC75D0032DF80 /* Debug */,
				7BEFD2FB19FAC75D0032DF80 /* Release */,
			);
			defaultConfigurationIsVisible = 0;
		};
		7BEFD2FC19FAC75D0032DF80 /* Build configuration list for PBXNativeTarget "MailboxTests" */ = {
			isa = XCConfigurationList;
			buildConfigurations = (
				7BEFD2FD19FAC75D0032DF80 /* Debug */,
				7BEFD2FE19FAC75D0032DF80 /* Release */,
			);
			defaultConfigurationIsVisible = 0;
		};
/* End XCConfigurationList section */
	};
	rootObject = 7BEFD2D219FAC75D0032DF80 /* Project object */;
}
